
Microsoft Visual Studio Solution File, Format Version 12.00
# Visual Studio Version 16
VisualStudioVersion = 16.0.31729.503
MinimumVisualStudioVersion = 10.0.40219.1
Project("{FAE04EC0-301F-11D3-BF4B-00C04F79EFBC}") = "Desktop_Chess", "Desktop_Chess\Desktop_Chess.csproj", "{9758A2AB-4B41-4B41-9C99-A2AFA946C3BC}"
EndProject
Project("{9A19103F-16F7-4668-BE54-9A1E7A4F7556}") = "ChessBoardModel", "ChessBoardModel\ChessBoardModel.csproj", "{D923A556-2F24-4537-810D-3707EB4F181B}"
EndProject
Global
	GlobalSection(SolutionConfigurationPlatforms) = preSolution
		Debug|Any CPU = Debug|Any CPU
		Release|Any CPU = Release|Any CPU
	EndGlobalSection
	GlobalSection(ProjectConfigurationPlatforms) = postSolution
		{9758A2AB-4B41-4B41-9C99-A2AFA946C3BC}.Debug|Any CPU.ActiveCfg = Debug|Any CPU
		{9758A2AB-4B41-4B41-9C99-A2AFA946C3BC}.Debug|Any CPU.Build.0 = Debug|Any CPU
		{9758A2AB-4B41-4B41-9C99-A2AFA946C3BC}.Release|Any CPU.ActiveCfg = Release|Any CPU
		{9758A2AB-4B41-4B41-9C99-A2AFA946C3BC}.Release|Any CPU.Build.0 = Release|Any CPU
		{D923A556-2F24-4537-810D-3707EB4F181B}.Debug|Any CPU.ActiveCfg = Debug|Any CPU
		{D923A556-2F24-4537-810D-3707EB4F181B}.Debug|Any CPU.Build.0 = Debug|Any CPU
		{D923A556-2F24-4537-810D-3707EB4F181B}.Release|Any CPU.ActiveCfg = Release|Any CPU
		{D923A556-2F24-4537-810D-3707EB4F181B}.Release|Any CPU.Build.0 = Release|Any CPU
	EndGlobalSection
	GlobalSection(SolutionProperties) = preSolution
		HideSolutionNode = FALSE
	EndGlobalSection
	GlobalSection(ExtensibilityGlobals) = postSolution
		SolutionGuid = {7CB352AB-8430-4B7F-8543-C288DA222EFA}
	EndGlobalSection
EndGlobal
